
Microsoft Visual Studio Solution File, Format Version 12.00
# Visual Studio Version 16
VisualStudioVersion = 16.0.31515.178
MinimumVisualStudioVersion = 10.0.40219.1
Project("{FAE04EC0-301F-11D3-BF4B-00C04F79EFBC}") = "MiniATMuygulaması", "MiniATMuygulaması\MiniATMuygulaması.csproj", "{EAE89B11-95DB-4703-B18E-05D46877926F}"
EndProject
Global
	GlobalSection(SolutionConfigurationPlatforms) = preSolution
		Debug|Any CPU = Debug|Any CPU
		Release|Any CPU = Release|Any CPU
	EndGlobalSection
	GlobalSection(ProjectConfigurationPlatforms) = postSolution
		{EAE89B11-95DB-4703-B18E-05D46877926F}.Debug|Any CPU.ActiveCfg = Debug|Any CPU
		{EAE89B11-95DB-4703-B18E-05D46877926F}.Debug|Any CPU.Build.0 = Debug|Any CPU
		{EAE89B11-95DB-4703-B18E-05D46877926F}.Release|Any CPU.ActiveCfg = Release|Any CPU
		{EAE89B11-95DB-4703-B18E-05D46877926F}.Release|Any CPU.Build.0 = Release|Any CPU
	EndGlobalSection
	GlobalSection(SolutionProperties) = preSolution
		HideSolutionNode = FALSE
	EndGlobalSection
	GlobalSection(ExtensibilityGlobals) = postSolution
		SolutionGuid = {1A857F1E-69DC-4B02-AA04-4E5B2A0B08EC}
	EndGlobalSection
EndGlobal
